
Microsoft Visual Studio Solution File, Format Version 12.00
Project("{2150E333-8FDC-42A3-9474-1A3956D46DE8}") = "Base", "Base", "{3FF1EFB5-A274-4B9E-BD3F-F737F2A7E395}"
EndProject
Project("{2150E333-8FDC-42A3-9474-1A3956D46DE8}") = "App", "App", "{B7DB03FF-24FA-47B8-8CED-F6DB7C2640EF}"
EndProject
Project("{2150E333-8FDC-42A3-9474-1A3956D46DE8}") = "Contracts", "Contracts", "{591FE242-8E4D-4DE5-BE32-99292F954DE0}"
EndProject
Project("{FAE04EC0-301F-11D3-BF4B-00C04F79EFBC}") = "Contracts.BLL.App", "Contracts.BLL.App\Contracts.BLL.App.csproj", "{165FB6BE-4FB1-45DF-BD93-4AC20F5A490B}"
EndProject
Project("{2150E333-8FDC-42A3-9474-1A3956D46DE8}") = "Contracts", "Contracts", "{4345669B-68C8-42CF-B647-1E90979723DB}"
EndProject
Project("{FAE04EC0-301F-11D3-BF4B-00C04F79EFBC}") = "Contracts.BLL.Base", "Contracts.BLL.Base\Contracts.BLL.Base.csproj", "{7E215BF2-5949-493E-BE6F-82D6733E75F3}"
EndProject
Project("{2150E333-8FDC-42A3-9474-1A3956D46DE8}") = "BLL", "BLL", "{CAEB9A8A-34BA-4D4F-BD20-25FC7309A617}"
EndProject
Project("{2150E333-8FDC-42A3-9474-1A3956D46DE8}") = "DAL", "DAL", "{D94A507C-0109-4AE7-8FDE-E770869559CC}"
EndProject
Project("{FAE04EC0-301F-11D3-BF4B-00C04F79EFBC}") = "Contracts.DAL.Base", "Contracts.DAL.Base\Contracts.DAL.Base.csproj", "{A10588AF-6B3A-4F35-B419-6AA7E65C0C22}"
EndProject
Project("{FAE04EC0-301F-11D3-BF4B-00C04F79EFBC}") = "Contracts.Domain.Base", "Contracts.Domain.Base\Contracts.Domain.Base.csproj", "{93F366DC-516F-483B-A7CB-0DB8E470732C}"
EndProject
Project("{FAE04EC0-301F-11D3-BF4B-00C04F79EFBC}") = "BLL.Base", "BLL.Base\BLL.Base.csproj", "{4232F85D-EDC2-45D7-B4EE-6ADF99D9AFFA}"
EndProject
Project("{FAE04EC0-301F-11D3-BF4B-00C04F79EFBC}") = "Contracts.DAL.App", "Contracts.DAL.App\Contracts.DAL.App.csproj", "{ABB922B0-FB3E-45C7-8538-363ACFCD805F}"
EndProject
Project("{2150E333-8FDC-42A3-9474-1A3956D46DE8}") = "BLL", "BLL", "{A5BFA8F5-6419-4F2C-BCD9-0735D044907C}"
EndProject
Project("{FAE04EC0-301F-11D3-BF4B-00C04F79EFBC}") = "BLL.App", "BLL.App\BLL.App.csproj", "{6B06DCE8-B4D6-4254-9786-756240F698A0}"
EndProject
Project("{FAE04EC0-301F-11D3-BF4B-00C04F79EFBC}") = "BLL.App.DTO", "BLL.App.DTO\BLL.App.DTO.csproj", "{1746A416-61B3-4CDB-815E-958C1911020F}"
EndProject
Project("{2150E333-8FDC-42A3-9474-1A3956D46DE8}") = "DAL", "DAL", "{E7A88158-1051-41A6-B7F5-5AB62EAA16D1}"
EndProject
Project("{FAE04EC0-301F-11D3-BF4B-00C04F79EFBC}") = "DAL.App.DTO", "DAL.App.DTO\DAL.App.DTO.csproj", "{8D4D1EDA-28FF-4753-8B9B-53090E9E47D7}"
EndProject
Project("{FAE04EC0-301F-11D3-BF4B-00C04F79EFBC}") = "DAL.APP.EF", "DAL.APP.EF\DAL.APP.EF.csproj", "{05F4CEDC-BBD0-45B0-8D53-9E4BCB77D0C5}"
EndProject
Project("{FAE04EC0-301F-11D3-BF4B-00C04F79EFBC}") = "WebApp", "WebApp\WebApp.csproj", "{18AF6541-6117-4B23-BF53-688D8DB5D594}"
EndProject
Project("{FAE04EC0-301F-11D3-BF4B-00C04F79EFBC}") = "DTO.App.V1", "DTO.App.V1\DTO.App.V1.csproj", "{40B30800-18B1-48B4-97CC-61BCFC98652C}"
EndProject
Project("{FAE04EC0-301F-11D3-BF4B-00C04F79EFBC}") = "Domain.App", "Domain.App\Domain.App.csproj", "{231F3146-1F01-467D-A1E6-7ABD8B82A0CC}"
EndProject
Project("{FAE04EC0-301F-11D3-BF4B-00C04F79EFBC}") = "Domain.Base", "Domain.Base\Domain.Base.csproj", "{40E51E28-D156-4196-8992-D5B7AD3847E9}"
EndProject
Project("{FAE04EC0-301F-11D3-BF4B-00C04F79EFBC}") = "DAL.Base.EF", "DAL.Base.EF\DAL.Base.EF.csproj", "{7B561D27-D0A9-4603-AC1A-CBC81A91DC43}"
EndProject
Project("{FAE04EC0-301F-11D3-BF4B-00C04F79EFBC}") = "DAL.Base", "DAL.Base\DAL.Base.csproj", "{593E5F99-5782-4034-9B3E-56391F1D02AA}"
EndProject
Project("{FAE04EC0-301F-11D3-BF4B-00C04F79EFBC}") = "WebSocket", "WebSocket\WebSocket.csproj", "{09ED6DC2-2F05-4D77-AF6D-F8872CF0B19F}"
EndProject
Global
	GlobalSection(SolutionConfigurationPlatforms) = preSolution
		Debug|Any CPU = Debug|Any CPU
		Release|Any CPU = Release|Any CPU
	EndGlobalSection
	GlobalSection(ProjectConfigurationPlatforms) = postSolution
		{165FB6BE-4FB1-45DF-BD93-4AC20F5A490B}.Debug|Any CPU.ActiveCfg = Debug|Any CPU
		{165FB6BE-4FB1-45DF-BD93-4AC20F5A490B}.Debug|Any CPU.Build.0 = Debug|Any CPU
		{165FB6BE-4FB1-45DF-BD93-4AC20F5A490B}.Release|Any CPU.ActiveCfg = Release|Any CPU
		{165FB6BE-4FB1-45DF-BD93-4AC20F5A490B}.Release|Any CPU.Build.0 = Release|Any CPU
		{7E215BF2-5949-493E-BE6F-82D6733E75F3}.Debug|Any CPU.ActiveCfg = Debug|Any CPU
		{7E215BF2-5949-493E-BE6F-82D6733E75F3}.Debug|Any CPU.Build.0 = Debug|Any CPU
		{7E215BF2-5949-493E-BE6F-82D6733E75F3}.Release|Any CPU.ActiveCfg = Release|Any CPU
		{7E215BF2-5949-493E-BE6F-82D6733E75F3}.Release|Any CPU.Build.0 = Release|Any CPU
		{A10588AF-6B3A-4F35-B419-6AA7E65C0C22}.Debug|Any CPU.ActiveCfg = Debug|Any CPU
		{A10588AF-6B3A-4F35-B419-6AA7E65C0C22}.Debug|Any CPU.Build.0 = Debug|Any CPU
		{A10588AF-6B3A-4F35-B419-6AA7E65C0C22}.Release|Any CPU.ActiveCfg = Release|Any CPU
		{A10588AF-6B3A-4F35-B419-6AA7E65C0C22}.Release|Any CPU.Build.0 = Release|Any CPU
		{93F366DC-516F-483B-A7CB-0DB8E470732C}.Debug|Any CPU.ActiveCfg = Debug|Any CPU
		{93F366DC-516F-483B-A7CB-0DB8E470732C}.Debug|Any CPU.Build.0 = Debug|Any CPU
		{93F366DC-516F-483B-A7CB-0DB8E470732C}.Release|Any CPU.ActiveCfg = Release|Any CPU
		{93F366DC-516F-483B-A7CB-0DB8E470732C}.Release|Any CPU.Build.0 = Release|Any CPU
		{4232F85D-EDC2-45D7-B4EE-6ADF99D9AFFA}.Debug|Any CPU.ActiveCfg = Debug|Any CPU
		{4232F85D-EDC2-45D7-B4EE-6ADF99D9AFFA}.Debug|Any CPU.Build.0 = Debug|Any CPU
		{4232F85D-EDC2-45D7-B4EE-6ADF99D9AFFA}.Release|Any CPU.ActiveCfg = Release|Any CPU
		{4232F85D-EDC2-45D7-B4EE-6ADF99D9AFFA}.Release|Any CPU.Build.0 = Release|Any CPU
		{ABB922B0-FB3E-45C7-8538-363ACFCD805F}.Debug|Any CPU.ActiveCfg = Debug|Any CPU
		{ABB922B0-FB3E-45C7-8538-363ACFCD805F}.Debug|Any CPU.Build.0 = Debug|Any CPU
		{ABB922B0-FB3E-45C7-8538-363ACFCD805F}.Release|Any CPU.ActiveCfg = Release|Any CPU
		{ABB922B0-FB3E-45C7-8538-363ACFCD805F}.Release|Any CPU.Build.0 = Release|Any CPU
		{6B06DCE8-B4D6-4254-9786-756240F698A0}.Debug|Any CPU.ActiveCfg = Debug|Any CPU
		{6B06DCE8-B4D6-4254-9786-756240F698A0}.Debug|Any CPU.Build.0 = Debug|Any CPU
		{6B06DCE8-B4D6-4254-9786-756240F698A0}.Release|Any CPU.ActiveCfg = Release|Any CPU
		{6B06DCE8-B4D6-4254-9786-756240F698A0}.Release|Any CPU.Build.0 = Release|Any CPU
		{1746A416-61B3-4CDB-815E-958C1911020F}.Debug|Any CPU.ActiveCfg = Debug|Any CPU
		{1746A416-61B3-4CDB-815E-958C1911020F}.Debug|Any CPU.Build.0 = Debug|Any CPU
		{1746A416-61B3-4CDB-815E-958C1911020F}.Release|Any CPU.ActiveCfg = Release|Any CPU
		{1746A416-61B3-4CDB-815E-958C1911020F}.Release|Any CPU.Build.0 = Release|Any CPU
		{8D4D1EDA-28FF-4753-8B9B-53090E9E47D7}.Debug|Any CPU.ActiveCfg = Debug|Any CPU
		{8D4D1EDA-28FF-4753-8B9B-53090E9E47D7}.Debug|Any CPU.Build.0 = Debug|Any CPU
		{8D4D1EDA-28FF-4753-8B9B-53090E9E47D7}.Release|Any CPU.ActiveCfg = Release|Any CPU
		{8D4D1EDA-28FF-4753-8B9B-53090E9E47D7}.Release|Any CPU.Build.0 = Release|Any CPU
		{05F4CEDC-BBD0-45B0-8D53-9E4BCB77D0C5}.Debug|Any CPU.ActiveCfg = Debug|Any CPU
		{05F4CEDC-BBD0-45B0-8D53-9E4BCB77D0C5}.Debug|Any CPU.Build.0 = Debug|Any CPU
		{05F4CEDC-BBD0-45B0-8D53-9E4BCB77D0C5}.Release|Any CPU.ActiveCfg = Release|Any CPU
		{05F4CEDC-BBD0-45B0-8D53-9E4BCB77D0C5}.Release|Any CPU.Build.0 = Release|Any CPU
		{18AF6541-6117-4B23-BF53-688D8DB5D594}.Debug|Any CPU.ActiveCfg = Debug|Any CPU
		{18AF6541-6117-4B23-BF53-688D8DB5D594}.Debug|Any CPU.Build.0 = Debug|Any CPU
		{18AF6541-6117-4B23-BF53-688D8DB5D594}.Release|Any CPU.ActiveCfg = Release|Any CPU
		{18AF6541-6117-4B23-BF53-688D8DB5D594}.Release|Any CPU.Build.0 = Release|Any CPU
		{40B30800-18B1-48B4-97CC-61BCFC98652C}.Debug|Any CPU.ActiveCfg = Debug|Any CPU
		{40B30800-18B1-48B4-97CC-61BCFC98652C}.Debug|Any CPU.Build.0 = Debug|Any CPU
		{40B30800-18B1-48B4-97CC-61BCFC98652C}.Release|Any CPU.ActiveCfg = Release|Any CPU
		{40B30800-18B1-48B4-97CC-61BCFC98652C}.Release|Any CPU.Build.0 = Release|Any CPU
		{231F3146-1F01-467D-A1E6-7ABD8B82A0CC}.Debug|Any CPU.ActiveCfg = Debug|Any CPU
		{231F3146-1F01-467D-A1E6-7ABD8B82A0CC}.Debug|Any CPU.Build.0 = Debug|Any CPU
		{231F3146-1F01-467D-A1E6-7ABD8B82A0CC}.Release|Any CPU.ActiveCfg = Release|Any CPU
		{231F3146-1F01-467D-A1E6-7ABD8B82A0CC}.Release|Any CPU.Build.0 = Release|Any CPU
		{40E51E28-D156-4196-8992-D5B7AD3847E9}.Debug|Any CPU.ActiveCfg = Debug|Any CPU
		{40E51E28-D156-4196-8992-D5B7AD3847E9}.Debug|Any CPU.Build.0 = Debug|Any CPU
		{40E51E28-D156-4196-8992-D5B7AD3847E9}.Release|Any CPU.ActiveCfg = Release|Any CPU
		{40E51E28-D156-4196-8992-D5B7AD3847E9}.Release|Any CPU.Build.0 = Release|Any CPU
		{7B561D27-D0A9-4603-AC1A-CBC81A91DC43}.Debug|Any CPU.ActiveCfg = Debug|Any CPU
		{7B561D27-D0A9-4603-AC1A-CBC81A91DC43}.Debug|Any CPU.Build.0 = Debug|Any CPU
		{7B561D27-D0A9-4603-AC1A-CBC81A91DC43}.Release|Any CPU.ActiveCfg = Release|Any CPU
		{7B561D27-D0A9-4603-AC1A-CBC81A91DC43}.Release|Any CPU.Build.0 = Release|Any CPU
		{593E5F99-5782-4034-9B3E-56391F1D02AA}.Debug|Any CPU.ActiveCfg = Debug|Any CPU
		{593E5F99-5782-4034-9B3E-56391F1D02AA}.Debug|Any CPU.Build.0 = Debug|Any CPU
		{593E5F99-5782-4034-9B3E-56391F1D02AA}.Release|Any CPU.ActiveCfg = Release|Any CPU
		{593E5F99-5782-4034-9B3E-56391F1D02AA}.Release|Any CPU.Build.0 = Release|Any CPU
		{09ED6DC2-2F05-4D77-AF6D-F8872CF0B19F}.Debug|Any CPU.ActiveCfg = Debug|Any CPU
		{09ED6DC2-2F05-4D77-AF6D-F8872CF0B19F}.Debug|Any CPU.Build.0 = Debug|Any CPU
		{09ED6DC2-2F05-4D77-AF6D-F8872CF0B19F}.Release|Any CPU.ActiveCfg = Release|Any CPU
		{09ED6DC2-2F05-4D77-AF6D-F8872CF0B19F}.Release|Any CPU.Build.0 = Release|Any CPU
	EndGlobalSection
	GlobalSection(NestedProjects) = preSolution
		{591FE242-8E4D-4DE5-BE32-99292F954DE0} = {B7DB03FF-24FA-47B8-8CED-F6DB7C2640EF}
		{165FB6BE-4FB1-45DF-BD93-4AC20F5A490B} = {591FE242-8E4D-4DE5-BE32-99292F954DE0}
		{4345669B-68C8-42CF-B647-1E90979723DB} = {3FF1EFB5-A274-4B9E-BD3F-F737F2A7E395}
		{7E215BF2-5949-493E-BE6F-82D6733E75F3} = {4345669B-68C8-42CF-B647-1E90979723DB}
		{CAEB9A8A-34BA-4D4F-BD20-25FC7309A617} = {3FF1EFB5-A274-4B9E-BD3F-F737F2A7E395}
		{D94A507C-0109-4AE7-8FDE-E770869559CC} = {3FF1EFB5-A274-4B9E-BD3F-F737F2A7E395}
		{A10588AF-6B3A-4F35-B419-6AA7E65C0C22} = {4345669B-68C8-42CF-B647-1E90979723DB}
		{93F366DC-516F-483B-A7CB-0DB8E470732C} = {4345669B-68C8-42CF-B647-1E90979723DB}
		{4232F85D-EDC2-45D7-B4EE-6ADF99D9AFFA} = {CAEB9A8A-34BA-4D4F-BD20-25FC7309A617}
		{ABB922B0-FB3E-45C7-8538-363ACFCD805F} = {591FE242-8E4D-4DE5-BE32-99292F954DE0}
		{A5BFA8F5-6419-4F2C-BCD9-0735D044907C} = {B7DB03FF-24FA-47B8-8CED-F6DB7C2640EF}
		{6B06DCE8-B4D6-4254-9786-756240F698A0} = {A5BFA8F5-6419-4F2C-BCD9-0735D044907C}
		{1746A416-61B3-4CDB-815E-958C1911020F} = {A5BFA8F5-6419-4F2C-BCD9-0735D044907C}
		{E7A88158-1051-41A6-B7F5-5AB62EAA16D1} = {B7DB03FF-24FA-47B8-8CED-F6DB7C2640EF}
		{8D4D1EDA-28FF-4753-8B9B-53090E9E47D7} = {E7A88158-1051-41A6-B7F5-5AB62EAA16D1}
		{05F4CEDC-BBD0-45B0-8D53-9E4BCB77D0C5} = {E7A88158-1051-41A6-B7F5-5AB62EAA16D1}
		{18AF6541-6117-4B23-BF53-688D8DB5D594} = {B7DB03FF-24FA-47B8-8CED-F6DB7C2640EF}
		{40B30800-18B1-48B4-97CC-61BCFC98652C} = {B7DB03FF-24FA-47B8-8CED-F6DB7C2640EF}
		{231F3146-1F01-467D-A1E6-7ABD8B82A0CC} = {B7DB03FF-24FA-47B8-8CED-F6DB7C2640EF}
		{40E51E28-D156-4196-8992-D5B7AD3847E9} = {3FF1EFB5-A274-4B9E-BD3F-F737F2A7E395}
		{7B561D27-D0A9-4603-AC1A-CBC81A91DC43} = {D94A507C-0109-4AE7-8FDE-E770869559CC}
		{593E5F99-5782-4034-9B3E-56391F1D02AA} = {D94A507C-0109-4AE7-8FDE-E770869559CC}
		{09ED6DC2-2F05-4D77-AF6D-F8872CF0B19F} = {B7DB03FF-24FA-47B8-8CED-F6DB7C2640EF}
	EndGlobalSection
EndGlobal
